
Microsoft Visual Studio Solution File, Format Version 12.00
# Visual Studio 15
VisualStudioVersion = 15.0.28010.2046
MinimumVisualStudioVersion = 10.0.40219.1
Project("{FAE04EC0-301F-11D3-BF4B-00C04F79EFBC}") = "CSharp Lab1", "CSharp Lab1\CSharp Lab1.csproj", "{09A185B5-38C2-40BC-AAEF-C0A350B6F36D}"
EndProject
Global
	GlobalSection(SolutionConfigurationPlatforms) = preSolution
		Debug|Any CPU = Debug|Any CPU
		Release|Any CPU = Release|Any CPU
	EndGlobalSection
	GlobalSection(ProjectConfigurationPlatforms) = postSolution
		{09A185B5-38C2-40BC-AAEF-C0A350B6F36D}.Debug|Any CPU.ActiveCfg = Debug|Any CPU
		{09A185B5-38C2-40BC-AAEF-C0A350B6F36D}.Debug|Any CPU.Build.0 = Debug|Any CPU
		{09A185B5-38C2-40BC-AAEF-C0A350B6F36D}.Release|Any CPU.ActiveCfg = Release|Any CPU
		{09A185B5-38C2-40BC-AAEF-C0A350B6F36D}.Release|Any CPU.Build.0 = Release|Any CPU
	EndGlobalSection
	GlobalSection(SolutionProperties) = preSolution
		HideSolutionNode = FALSE
	EndGlobalSection
	GlobalSection(ExtensibilityGlobals) = postSolution
		SolutionGuid = {11E81AFD-1705-4803-AF98-7292C74800B9}
	EndGlobalSection
EndGlobal
