
Microsoft Visual Studio Solution File, Format Version 12.00
# Visual Studio 15
VisualStudioVersion = 15.0.28010.2046
MinimumVisualStudioVersion = 10.0.40219.1
Project("{FAE04EC0-301F-11D3-BF4B-00C04F79EFBC}") = "CSharp Lab4", "CSharp Lab4\CSharp Lab4.csproj", "{9482ADCB-C1CC-4D44-AF46-EF225FDEF3DF}"
EndProject
Global
	GlobalSection(SolutionConfigurationPlatforms) = preSolution
		Debug|Any CPU = Debug|Any CPU
		Release|Any CPU = Release|Any CPU
	EndGlobalSection
	GlobalSection(ProjectConfigurationPlatforms) = postSolution
		{9482ADCB-C1CC-4D44-AF46-EF225FDEF3DF}.Debug|Any CPU.ActiveCfg = Debug|Any CPU
		{9482ADCB-C1CC-4D44-AF46-EF225FDEF3DF}.Debug|Any CPU.Build.0 = Debug|Any CPU
		{9482ADCB-C1CC-4D44-AF46-EF225FDEF3DF}.Release|Any CPU.ActiveCfg = Release|Any CPU
		{9482ADCB-C1CC-4D44-AF46-EF225FDEF3DF}.Release|Any CPU.Build.0 = Release|Any CPU
	EndGlobalSection
	GlobalSection(SolutionProperties) = preSolution
		HideSolutionNode = FALSE
	EndGlobalSection
	GlobalSection(ExtensibilityGlobals) = postSolution
		SolutionGuid = {6F6150C8-AC6F-4315-AE85-40AA90101FD8}
	EndGlobalSection
EndGlobal
